// !$*UTF8*$!
{
	archiveVersion = 1;
	classes = {
	};
	objectVersion = 56;
	objects = {

/* Begin PBXBuildFile section */
		8F78D2D42A31FBDD0059DD4E /* Kingfisher in Frameworks */ = {isa = PBXBuildFile; productRef = 8F78D2D32A31FBDD0059DD4E /* Kingfisher */; };
		8F78D2D62A333ACE0059DD4E /* LabelWithIconView.swift in Sources */ = {isa = PBXBuildFile; fileRef = 8F78D2D52A333ACE0059DD4E /* LabelWithIconView.swift */; };
		8F78D2DA2A33477F0059DD4E /* LikesCollectionRouter.swift in Sources */ = {isa = PBXBuildFile; fileRef = 8F78D2D92A33477F0059DD4E /* LikesCollectionRouter.swift */; };
		8F78D2E02A33486C0059DD4E /* CoreData.xcdatamodeld in Sources */ = {isa = PBXBuildFile; fileRef = 8F78D2DE2A33486C0059DD4E /* CoreData.xcdatamodeld */; };
		8F78D2E22A334E350059DD4E /* LikesCollectionViewModel.swift in Sources */ = {isa = PBXBuildFile; fileRef = 8F78D2E12A334E350059DD4E /* LikesCollectionViewModel.swift */; };
		8F78D2E42A334E500059DD4E /* LikesCollectionCellModel.swift in Sources */ = {isa = PBXBuildFile; fileRef = 8F78D2E32A334E500059DD4E /* LikesCollectionCellModel.swift */; };
		8F78D2ED2A3358930059DD4E /* MusicTrack+CoreDataClass.swift in Sources */ = {isa = PBXBuildFile; fileRef = 8F78D2EB2A3358930059DD4E /* MusicTrack+CoreDataClass.swift */; };
		8F78D2EE2A3358930059DD4E /* MusicTrack+CoreDataProperties.swift in Sources */ = {isa = PBXBuildFile; fileRef = 8F78D2EC2A3358930059DD4E /* MusicTrack+CoreDataProperties.swift */; };
		8F78D2F02A33606A0059DD4E /* TrackDataManager.swift in Sources */ = {isa = PBXBuildFile; fileRef = 8F78D2EF2A33606A0059DD4E /* TrackDataManager.swift */; };
		8F78D2F22A336E850059DD4E /* Repository.swift in Sources */ = {isa = PBXBuildFile; fileRef = 8F78D2F12A336E850059DD4E /* Repository.swift */; };
		8F78D2F52A34A4F00059DD4E /* CollectionFlowLayout.swift in Sources */ = {isa = PBXBuildFile; fileRef = 8F78D2F42A34A4F00059DD4E /* CollectionFlowLayout.swift */; };
		8F7C524A2A2772EE00EC29F1 /* SearchMusicTableViewCellModel.swift in Sources */ = {isa = PBXBuildFile; fileRef = 8F7C52492A2772EE00EC29F1 /* SearchMusicTableViewCellModel.swift */; };
		8F7C524C2A2773D700EC29F1 /* SearchMusicTableViewModel.swift in Sources */ = {isa = PBXBuildFile; fileRef = 8F7C524B2A2773D700EC29F1 /* SearchMusicTableViewModel.swift */; };
		8F7C524E2A278D9000EC29F1 /* Constants.swift in Sources */ = {isa = PBXBuildFile; fileRef = 8F7C524D2A278D9000EC29F1 /* Constants.swift */; };
		8F7C52502A289B0900EC29F1 /* MainTabBarController.swift in Sources */ = {isa = PBXBuildFile; fileRef = 8F7C524F2A289B0900EC29F1 /* MainTabBarController.swift */; };
		8F7C52522A28A13E00EC29F1 /* SearchMusicTableRouter.swift in Sources */ = {isa = PBXBuildFile; fileRef = 8F7C52512A28A13E00EC29F1 /* SearchMusicTableRouter.swift */; };
		8F7C52542A28A19E00EC29F1 /* BaseRouter.swift in Sources */ = {isa = PBXBuildFile; fileRef = 8F7C52532A28A19E00EC29F1 /* BaseRouter.swift */; };
		8F7C52572A28A6BE00EC29F1 /* DetailViewController.swift in Sources */ = {isa = PBXBuildFile; fileRef = 8F7C52562A28A6BE00EC29F1 /* DetailViewController.swift */; };
		8F7C52592A28A7F800EC29F1 /* DetailViewModel.swift in Sources */ = {isa = PBXBuildFile; fileRef = 8F7C52582A28A7F800EC29F1 /* DetailViewModel.swift */; };
		8F7C525B2A28A80300EC29F1 /* DetailView.swift in Sources */ = {isa = PBXBuildFile; fileRef = 8F7C525A2A28A80300EC29F1 /* DetailView.swift */; };
		8F7C525D2A28D71B00EC29F1 /* MusicModel.swift in Sources */ = {isa = PBXBuildFile; fileRef = 8F7C525C2A28D71B00EC29F1 /* MusicModel.swift */; };
		8F7C525F2A29FDE300EC29F1 /* NetworkService.swift in Sources */ = {isa = PBXBuildFile; fileRef = 8F7C525E2A29FDE300EC29F1 /* NetworkService.swift */; };
		8F7C52612A2A050D00EC29F1 /* NetworkDataFetcher.swift in Sources */ = {isa = PBXBuildFile; fileRef = 8F7C52602A2A050D00EC29F1 /* NetworkDataFetcher.swift */; };
		8F9ECE932A26394300EB0255 /* AppDelegate.swift in Sources */ = {isa = PBXBuildFile; fileRef = 8F9ECE922A26394300EB0255 /* AppDelegate.swift */; };
		8F9ECE952A26394300EB0255 /* SceneDelegate.swift in Sources */ = {isa = PBXBuildFile; fileRef = 8F9ECE942A26394300EB0255 /* SceneDelegate.swift */; };
		8F9ECE9C2A26394500EB0255 /* Assets.xcassets in Resources */ = {isa = PBXBuildFile; fileRef = 8F9ECE9B2A26394500EB0255 /* Assets.xcassets */; };
		8F9ECE9F2A26394500EB0255 /* LaunchScreen.storyboard in Resources */ = {isa = PBXBuildFile; fileRef = 8F9ECE9D2A26394500EB0255 /* LaunchScreen.storyboard */; };
		8F9ECEA72A265C3500EB0255 /* SearchMusicTableViewController.swift in Sources */ = {isa = PBXBuildFile; fileRef = 8F9ECEA62A265C3500EB0255 /* SearchMusicTableViewController.swift */; };
		8F9ECEA92A265C8100EB0255 /* SearchMusicTableView.swift in Sources */ = {isa = PBXBuildFile; fileRef = 8F9ECEA82A265C8100EB0255 /* SearchMusicTableView.swift */; };
		8F9ECEAB2A265CD100EB0255 /* SearchMusicTableViewCell.swift in Sources */ = {isa = PBXBuildFile; fileRef = 8F9ECEAA2A265CD100EB0255 /* SearchMusicTableViewCell.swift */; };
		8F9ECEAD2A265D2700EB0255 /* LikesCollectionViewController.swift in Sources */ = {isa = PBXBuildFile; fileRef = 8F9ECEAC2A265D2700EB0255 /* LikesCollectionViewController.swift */; };
		8F9ECEAF2A265D4400EB0255 /* LikesCollectionView.swift in Sources */ = {isa = PBXBuildFile; fileRef = 8F9ECEAE2A265D4400EB0255 /* LikesCollectionView.swift */; };
		8F9ECEB12A265E5500EB0255 /* LikesCollectionCell.swift in Sources */ = {isa = PBXBuildFile; fileRef = 8F9ECEB02A265E5500EB0255 /* LikesCollectionCell.swift */; };
		8F9ECEB42A265EFD00EB0255 /* SnapKit in Frameworks */ = {isa = PBXBuildFile; productRef = 8F9ECEB32A265EFD00EB0255 /* SnapKit */; };
/* End PBXBuildFile section */

/* Begin PBXFileReference section */
		8F78D2D52A333ACE0059DD4E /* LabelWithIconView.swift */ = {isa = PBXFileReference; lastKnownFileType = sourcecode.swift; path = LabelWithIconView.swift; sourceTree = "<group>"; };
		8F78D2D92A33477F0059DD4E /* LikesCollectionRouter.swift */ = {isa = PBXFileReference; lastKnownFileType = sourcecode.swift; path = LikesCollectionRouter.swift; sourceTree = "<group>"; };
		8F78D2DF2A33486C0059DD4E /* CoreData.xcdatamodel */ = {isa = PBXFileReference; lastKnownFileType = wrapper.xcdatamodel; path = CoreData.xcdatamodel; sourceTree = "<group>"; };
		8F78D2E12A334E350059DD4E /* LikesCollectionViewModel.swift */ = {isa = PBXFileReference; lastKnownFileType = sourcecode.swift; path = LikesCollectionViewModel.swift; sourceTree = "<group>"; };
		8F78D2E32A334E500059DD4E /* LikesCollectionCellModel.swift */ = {isa = PBXFileReference; lastKnownFileType = sourcecode.swift; path = LikesCollectionCellModel.swift; sourceTree = "<group>"; };
		8F78D2EB2A3358930059DD4E /* MusicTrack+CoreDataClass.swift */ = {isa = PBXFileReference; lastKnownFileType = sourcecode.swift; path = "MusicTrack+CoreDataClass.swift"; sourceTree = "<group>"; };
		8F78D2EC2A3358930059DD4E /* MusicTrack+CoreDataProperties.swift */ = {isa = PBXFileReference; lastKnownFileType = sourcecode.swift; path = "MusicTrack+CoreDataProperties.swift"; sourceTree = "<group>"; };
		8F78D2EF2A33606A0059DD4E /* TrackDataManager.swift */ = {isa = PBXFileReference; lastKnownFileType = sourcecode.swift; path = TrackDataManager.swift; sourceTree = "<group>"; };
		8F78D2F12A336E850059DD4E /* Repository.swift */ = {isa = PBXFileReference; lastKnownFileType = sourcecode.swift; path = Repository.swift; sourceTree = "<group>"; };
		8F78D2F42A34A4F00059DD4E /* CollectionFlowLayout.swift */ = {isa = PBXFileReference; lastKnownFileType = sourcecode.swift; path = CollectionFlowLayout.swift; sourceTree = "<group>"; };
		8F7C52492A2772EE00EC29F1 /* SearchMusicTableViewCellModel.swift */ = {isa = PBXFileReference; lastKnownFileType = sourcecode.swift; path = SearchMusicTableViewCellModel.swift; sourceTree = "<group>"; };
		8F7C524B2A2773D700EC29F1 /* SearchMusicTableViewModel.swift */ = {isa = PBXFileReference; lastKnownFileType = sourcecode.swift; path = SearchMusicTableViewModel.swift; sourceTree = "<group>"; };
		8F7C524D2A278D9000EC29F1 /* Constants.swift */ = {isa = PBXFileReference; lastKnownFileType = sourcecode.swift; path = Constants.swift; sourceTree = "<group>"; };
		8F7C524F2A289B0900EC29F1 /* MainTabBarController.swift */ = {isa = PBXFileReference; lastKnownFileType = sourcecode.swift; path = MainTabBarController.swift; sourceTree = "<group>"; };
		8F7C52512A28A13E00EC29F1 /* SearchMusicTableRouter.swift */ = {isa = PBXFileReference; lastKnownFileType = sourcecode.swift; path = SearchMusicTableRouter.swift; sourceTree = "<group>"; };
		8F7C52532A28A19E00EC29F1 /* BaseRouter.swift */ = {isa = PBXFileReference; lastKnownFileType = sourcecode.swift; path = BaseRouter.swift; sourceTree = "<group>"; };
		8F7C52562A28A6BE00EC29F1 /* DetailViewController.swift */ = {isa = PBXFileReference; lastKnownFileType = sourcecode.swift; path = DetailViewController.swift; sourceTree = "<group>"; };
		8F7C52582A28A7F800EC29F1 /* DetailViewModel.swift */ = {isa = PBXFileReference; lastKnownFileType = sourcecode.swift; path = DetailViewModel.swift; sourceTree = "<group>"; };
		8F7C525A2A28A80300EC29F1 /* DetailView.swift */ = {isa = PBXFileReference; lastKnownFileType = sourcecode.swift; path = DetailView.swift; sourceTree = "<group>"; };
		8F7C525C2A28D71B00EC29F1 /* MusicModel.swift */ = {isa = PBXFileReference; lastKnownFileType = sourcecode.swift; path = MusicModel.swift; sourceTree = "<group>"; };
		8F7C525E2A29FDE300EC29F1 /* NetworkService.swift */ = {isa = PBXFileReference; lastKnownFileType = sourcecode.swift; path = NetworkService.swift; sourceTree = "<group>"; };
		8F7C52602A2A050D00EC29F1 /* NetworkDataFetcher.swift */ = {isa = PBXFileReference; lastKnownFileType = sourcecode.swift; path = NetworkDataFetcher.swift; sourceTree = "<group>"; };
		8F9ECE8F2A26394300EB0255 /* MusicApp.app */ = {isa = PBXFileReference; explicitFileType = wrapper.application; includeInIndex = 0; path = MusicApp.app; sourceTree = BUILT_PRODUCTS_DIR; };
		8F9ECE922A26394300EB0255 /* AppDelegate.swift */ = {isa = PBXFileReference; lastKnownFileType = sourcecode.swift; path = AppDelegate.swift; sourceTree = "<group>"; };
		8F9ECE942A26394300EB0255 /* SceneDelegate.swift */ = {isa = PBXFileReference; lastKnownFileType = sourcecode.swift; path = SceneDelegate.swift; sourceTree = "<group>"; };
		8F9ECE9B2A26394500EB0255 /* Assets.xcassets */ = {isa = PBXFileReference; lastKnownFileType = folder.assetcatalog; path = Assets.xcassets; sourceTree = "<group>"; };
		8F9ECE9E2A26394500EB0255 /* Base */ = {isa = PBXFileReference; lastKnownFileType = file.storyboard; name = Base; path = Base.lproj/LaunchScreen.storyboard; sourceTree = "<group>"; };
		8F9ECEA02A26394500EB0255 /* Info.plist */ = {isa = PBXFileReference; lastKnownFileType = text.plist.xml; path = Info.plist; sourceTree = "<group>"; };
		8F9ECEA62A265C3500EB0255 /* SearchMusicTableViewController.swift */ = {isa = PBXFileReference; lastKnownFileType = sourcecode.swift; path = SearchMusicTableViewController.swift; sourceTree = "<group>"; };
		8F9ECEA82A265C8100EB0255 /* SearchMusicTableView.swift */ = {isa = PBXFileReference; lastKnownFileType = sourcecode.swift; path = SearchMusicTableView.swift; sourceTree = "<group>"; };
		8F9ECEAA2A265CD100EB0255 /* SearchMusicTableViewCell.swift */ = {isa = PBXFileReference; lastKnownFileType = sourcecode.swift; path = SearchMusicTableViewCell.swift; sourceTree = "<group>"; };
		8F9ECEAC2A265D2700EB0255 /* LikesCollectionViewController.swift */ = {isa = PBXFileReference; lastKnownFileType = sourcecode.swift; path = LikesCollectionViewController.swift; sourceTree = "<group>"; };
		8F9ECEAE2A265D4400EB0255 /* LikesCollectionView.swift */ = {isa = PBXFileReference; lastKnownFileType = sourcecode.swift; path = LikesCollectionView.swift; sourceTree = "<group>"; };
		8F9ECEB02A265E5500EB0255 /* LikesCollectionCell.swift */ = {isa = PBXFileReference; lastKnownFileType = sourcecode.swift; path = LikesCollectionCell.swift; sourceTree = "<group>"; };
/* End PBXFileReference section */

/* Begin PBXFrameworksBuildPhase section */
		8F9ECE8C2A26394300EB0255 /* Frameworks */ = {
			isa = PBXFrameworksBuildPhase;
			buildActionMask = 2147483647;
			files = (
				8F78D2D42A31FBDD0059DD4E /* Kingfisher in Frameworks */,
				8F9ECEB42A265EFD00EB0255 /* SnapKit in Frameworks */,
			);
			runOnlyForDeploymentPostprocessing = 0;
		};
/* End PBXFrameworksBuildPhase section */

/* Begin PBXGroup section */
		8F78D2D72A3344150059DD4E /* View */ = {
			isa = PBXGroup;
			children = (
				8F9ECEA82A265C8100EB0255 /* SearchMusicTableView.swift */,
				8F9ECEAA2A265CD100EB0255 /* SearchMusicTableViewCell.swift */,
				8F7C52492A2772EE00EC29F1 /* SearchMusicTableViewCellModel.swift */,
			);
			path = View;
			sourceTree = "<group>";
		};
		8F78D2D82A33443A0059DD4E /* View */ = {
			isa = PBXGroup;
			children = (
				8F7C525A2A28A80300EC29F1 /* DetailView.swift */,
				8F78D2D52A333ACE0059DD4E /* LabelWithIconView.swift */,
			);
			path = View;
			sourceTree = "<group>";
		};
		8F78D2E52A334E560059DD4E /* View */ = {
			isa = PBXGroup;
			children = (
				8F9ECEAE2A265D4400EB0255 /* LikesCollectionView.swift */,
				8F9ECEB02A265E5500EB0255 /* LikesCollectionCell.swift */,
				8F78D2E32A334E500059DD4E /* LikesCollectionCellModel.swift */,
				8F78D2F42A34A4F00059DD4E /* CollectionFlowLayout.swift */,
			);
			path = View;
			sourceTree = "<group>";
		};
		8F78D2E62A3358470059DD4E /* DataBaseManager */ = {
			isa = PBXGroup;
			children = (
				8F78D2EB2A3358930059DD4E /* MusicTrack+CoreDataClass.swift */,
				8F78D2EC2A3358930059DD4E /* MusicTrack+CoreDataProperties.swift */,
				8F78D2EF2A33606A0059DD4E /* TrackDataManager.swift */,
			);
			path = DataBaseManager;
			sourceTree = "<group>";
		};
		8F78D2F32A346B930059DD4E /* Service */ = {
			isa = PBXGroup;
			children = (
				8F78D2F12A336E850059DD4E /* Repository.swift */,
				8F78D2E62A3358470059DD4E /* DataBaseManager */,
				8F9ECEB52A265F7B00EB0255 /* Networking */,
			);
			path = Service;
			sourceTree = "<group>";
		};
		8F7A89F02A308610005877D7 /* Application */ = {
			isa = PBXGroup;
			children = (
				8F9ECE922A26394300EB0255 /* AppDelegate.swift */,
				8F9ECE942A26394300EB0255 /* SceneDelegate.swift */,
			);
			path = Application;
			sourceTree = "<group>";
		};
		8F7A89F12A308664005877D7 /* Resources */ = {
			isa = PBXGroup;
			children = (
				8F7C524D2A278D9000EC29F1 /* Constants.swift */,
				8F9ECE9B2A26394500EB0255 /* Assets.xcassets */,
				8F9ECE9D2A26394500EB0255 /* LaunchScreen.storyboard */,
			);
			path = Resources;
			sourceTree = "<group>";
		};
		8F7C52472A27686E00EC29F1 /* Likes */ = {
			isa = PBXGroup;
			children = (
				8F9ECEAC2A265D2700EB0255 /* LikesCollectionViewController.swift */,
				8F78D2E12A334E350059DD4E /* LikesCollectionViewModel.swift */,
				8F78D2D92A33477F0059DD4E /* LikesCollectionRouter.swift */,
				8F78D2E52A334E560059DD4E /* View */,
			);
			path = Likes;
			sourceTree = "<group>";
		};
		8F7C52482A27687700EC29F1 /* Search */ = {
			isa = PBXGroup;
			children = (
				8F9ECEA62A265C3500EB0255 /* SearchMusicTableViewController.swift */,
				8F7C524B2A2773D700EC29F1 /* SearchMusicTableViewModel.swift */,
				8F7C52512A28A13E00EC29F1 /* SearchMusicTableRouter.swift */,
				8F78D2D72A3344150059DD4E /* View */,
			);
			path = Search;
			sourceTree = "<group>";
		};
		8F7C52552A28A67900EC29F1 /* Detail */ = {
			isa = PBXGroup;
			children = (
				8F7C52562A28A6BE00EC29F1 /* DetailViewController.swift */,
				8F7C52582A28A7F800EC29F1 /* DetailViewModel.swift */,
				8F78D2D82A33443A0059DD4E /* View */,
			);
			path = Detail;
			sourceTree = "<group>";
		};
		8F9ECE862A26394300EB0255 = {
			isa = PBXGroup;
			children = (
				8F9ECE912A26394300EB0255 /* MusicApp */,
				8F9ECE902A26394300EB0255 /* Products */,
			);
			sourceTree = "<group>";
		};
		8F9ECE902A26394300EB0255 /* Products */ = {
			isa = PBXGroup;
			children = (
				8F9ECE8F2A26394300EB0255 /* MusicApp.app */,
			);
			name = Products;
			sourceTree = "<group>";
		};
		8F9ECE912A26394300EB0255 /* MusicApp */ = {
			isa = PBXGroup;
			children = (
				8F78D2F32A346B930059DD4E /* Service */,
				8F7A89F02A308610005877D7 /* Application */,
				8F7C52532A28A19E00EC29F1 /* BaseRouter.swift */,
				8F7C524F2A289B0900EC29F1 /* MainTabBarController.swift */,
				8F7C525C2A28D71B00EC29F1 /* MusicModel.swift */,
				8F7C52482A27687700EC29F1 /* Search */,
				8F7C52472A27686E00EC29F1 /* Likes */,
				8F7C52552A28A67900EC29F1 /* Detail */,
				8F7A89F12A308664005877D7 /* Resources */,
				8F9ECEA02A26394500EB0255 /* Info.plist */,
				8F78D2DE2A33486C0059DD4E /* CoreData.xcdatamodeld */,
			);
			path = MusicApp;
			sourceTree = "<group>";
		};
		8F9ECEB52A265F7B00EB0255 /* Networking */ = {
			isa = PBXGroup;
			children = (
				8F7C525E2A29FDE300EC29F1 /* NetworkService.swift */,
				8F7C52602A2A050D00EC29F1 /* NetworkDataFetcher.swift */,
			);
			path = Networking;
			sourceTree = "<group>";
		};
/* End PBXGroup section */

/* Begin PBXNativeTarget section */
		8F9ECE8E2A26394300EB0255 /* MusicApp */ = {
			isa = PBXNativeTarget;
			buildConfigurationList = 8F9ECEA32A26394500EB0255 /* Build configuration list for PBXNativeTarget "MusicApp" */;
			buildPhases = (
				8F9ECE8B2A26394300EB0255 /* Sources */,
				8F9ECE8C2A26394300EB0255 /* Frameworks */,
				8F9ECE8D2A26394300EB0255 /* Resources */,
			);
			buildRules = (
			);
			dependencies = (
			);
			name = MusicApp;
			packageProductDependencies = (
				8F9ECEB32A265EFD00EB0255 /* SnapKit */,
				8F78D2D32A31FBDD0059DD4E /* Kingfisher */,
			);
			productName = MusicTextApp;
			productReference = 8F9ECE8F2A26394300EB0255 /* MusicApp.app */;
			productType = "com.apple.product-type.application";
		};
/* End PBXNativeTarget section */

/* Begin PBXProject section */
		8F9ECE872A26394300EB0255 /* Project object */ = {
			isa = PBXProject;
			attributes = {
				BuildIndependentTargetsInParallel = 1;
				LastSwiftUpdateCheck = 1420;
				LastUpgradeCheck = 1420;
				TargetAttributes = {
					8F9ECE8E2A26394300EB0255 = {
						CreatedOnToolsVersion = 14.2;
					};
				};
			};
			buildConfigurationList = 8F9ECE8A2A26394300EB0255 /* Build configuration list for PBXProject "MusicApp" */;
			compatibilityVersion = "Xcode 14.0";
			developmentRegion = en;
			hasScannedForEncodings = 0;
			knownRegions = (
				en,
				Base,
			);
			mainGroup = 8F9ECE862A26394300EB0255;
			packageReferences = (
				8F9ECEB22A265EFD00EB0255 /* XCRemoteSwiftPackageReference "SnapKit" */,
				8F78D2D22A31FBDD0059DD4E /* XCRemoteSwiftPackageReference "Kingfisher" */,
			);
			productRefGroup = 8F9ECE902A26394300EB0255 /* Products */;
			projectDirPath = "";
			projectRoot = "";
			targets = (
				8F9ECE8E2A26394300EB0255 /* MusicApp */,
			);
		};
/* End PBXProject section */

/* Begin PBXResourcesBuildPhase section */
		8F9ECE8D2A26394300EB0255 /* Resources */ = {
			isa = PBXResourcesBuildPhase;
			buildActionMask = 2147483647;
			files = (
				8F9ECE9F2A26394500EB0255 /* LaunchScreen.storyboard in Resources */,
				8F9ECE9C2A26394500EB0255 /* Assets.xcassets in Resources */,
			);
			runOnlyForDeploymentPostprocessing = 0;
		};
/* End PBXResourcesBuildPhase section */

/* Begin PBXSourcesBuildPhase section */
		8F9ECE8B2A26394300EB0255 /* Sources */ = {
			isa = PBXSourcesBuildPhase;
			buildActionMask = 2147483647;
			files = (
				8F78D2DA2A33477F0059DD4E /* LikesCollectionRouter.swift in Sources */,
				8F9ECEA72A265C3500EB0255 /* SearchMusicTableViewController.swift in Sources */,
				8F78D2EE2A3358930059DD4E /* MusicTrack+CoreDataProperties.swift in Sources */,
				8F7C524E2A278D9000EC29F1 /* Constants.swift in Sources */,
				8F7C525B2A28A80300EC29F1 /* DetailView.swift in Sources */,
				8F7C52502A289B0900EC29F1 /* MainTabBarController.swift in Sources */,
				8F7C52612A2A050D00EC29F1 /* NetworkDataFetcher.swift in Sources */,
				8F78D2F22A336E850059DD4E /* Repository.swift in Sources */,
				8F9ECEA92A265C8100EB0255 /* SearchMusicTableView.swift in Sources */,
				8F78D2F52A34A4F00059DD4E /* CollectionFlowLayout.swift in Sources */,
				8F9ECEB12A265E5500EB0255 /* LikesCollectionCell.swift in Sources */,
				8F9ECEAF2A265D4400EB0255 /* LikesCollectionView.swift in Sources */,
				8F78D2E22A334E350059DD4E /* LikesCollectionViewModel.swift in Sources */,
				8F78D2F02A33606A0059DD4E /* TrackDataManager.swift in Sources */,
				8F7C52522A28A13E00EC29F1 /* SearchMusicTableRouter.swift in Sources */,
				8F9ECEAB2A265CD100EB0255 /* SearchMusicTableViewCell.swift in Sources */,
				8F7C524A2A2772EE00EC29F1 /* SearchMusicTableViewCellModel.swift in Sources */,
				8F7C52542A28A19E00EC29F1 /* BaseRouter.swift in Sources */,
				8F78D2E42A334E500059DD4E /* LikesCollectionCellModel.swift in Sources */,
				8F7C525D2A28D71B00EC29F1 /* MusicModel.swift in Sources */,
				8F9ECEAD2A265D2700EB0255 /* LikesCollectionViewController.swift in Sources */,
				8F78D2E02A33486C0059DD4E /* CoreData.xcdatamodeld in Sources */,
				8F9ECE932A26394300EB0255 /* AppDelegate.swift in Sources */,
				8F7C52572A28A6BE00EC29F1 /* DetailViewController.swift in Sources */,
				8F7C525F2A29FDE300EC29F1 /* NetworkService.swift in Sources */,
				8F78D2ED2A3358930059DD4E /* MusicTrack+CoreDataClass.swift in Sources */,
				8F9ECE952A26394300EB0255 /* SceneDelegate.swift in Sources */,
				8F78D2D62A333ACE0059DD4E /* LabelWithIconView.swift in Sources */,
				8F7C524C2A2773D700EC29F1 /* SearchMusicTableViewModel.swift in Sources */,
				8F7C52592A28A7F800EC29F1 /* DetailViewModel.swift in Sources */,
			);
			runOnlyForDeploymentPostprocessing = 0;
		};
/* End PBXSourcesBuildPhase section */

/* Begin PBXVariantGroup section */
		8F9ECE9D2A26394500EB0255 /* LaunchScreen.storyboard */ = {
			isa = PBXVariantGroup;
			children = (
				8F9ECE9E2A26394500EB0255 /* Base */,
			);
			name = LaunchScreen.storyboard;
			sourceTree = "<group>";
		};
/* End PBXVariantGroup section */

/* Begin XCBuildConfiguration section */
		8F9ECEA12A26394500EB0255 /* Debug */ = {
			isa = XCBuildConfiguration;
			buildSettings = {
				ALWAYS_SEARCH_USER_PATHS = NO;
				CLANG_ANALYZER_NONNULL = YES;
				CLANG_ANALYZER_NUMBER_OBJECT_CONVERSION = YES_AGGRESSIVE;
				CLANG_CXX_LANGUAGE_STANDARD = "gnu++20";
				CLANG_ENABLE_MODULES = YES;
				CLANG_ENABLE_OBJC_ARC = YES;
				CLANG_ENABLE_OBJC_WEAK = YES;
				CLANG_WARN_BLOCK_CAPTURE_AUTORELEASING = YES;
				CLANG_WARN_BOOL_CONVERSION = YES;
				CLANG_WARN_COMMA = YES;
				CLANG_WARN_CONSTANT_CONVERSION = YES;
				CLANG_WARN_DEPRECATED_OBJC_IMPLEMENTATIONS = YES;
				CLANG_WARN_DIRECT_OBJC_ISA_USAGE = YES_ERROR;
				CLANG_WARN_DOCUMENTATION_COMMENTS = YES;
				CLANG_WARN_EMPTY_BODY = YES;
				CLANG_WARN_ENUM_CONVERSION = YES;
				CLANG_WARN_INFINITE_RECURSION = YES;
				CLANG_WARN_INT_CONVERSION = YES;
				CLANG_WARN_NON_LITERAL_NULL_CONVERSION = YES;
				CLANG_WARN_OBJC_IMPLICIT_RETAIN_SELF = YES;
				CLANG_WARN_OBJC_LITERAL_CONVERSION = YES;
				CLANG_WARN_OBJC_ROOT_CLASS = YES_ERROR;
				CLANG_WARN_QUOTED_INCLUDE_IN_FRAMEWORK_HEADER = YES;
				CLANG_WARN_RANGE_LOOP_ANALYSIS = YES;
				CLANG_WARN_STRICT_PROTOTYPES = YES;
				CLANG_WARN_SUSPICIOUS_MOVE = YES;
				CLANG_WARN_UNGUARDED_AVAILABILITY = YES_AGGRESSIVE;
				CLANG_WARN_UNREACHABLE_CODE = YES;
				CLANG_WARN__DUPLICATE_METHOD_MATCH = YES;
				COPY_PHASE_STRIP = NO;
				DEBUG_INFORMATION_FORMAT = dwarf;
				ENABLE_STRICT_OBJC_MSGSEND = YES;
				ENABLE_TESTABILITY = YES;
				GCC_C_LANGUAGE_STANDARD = gnu11;
				GCC_DYNAMIC_NO_PIC = NO;
				GCC_NO_COMMON_BLOCKS = YES;
				GCC_OPTIMIZATION_LEVEL = 0;
				GCC_PREPROCESSOR_DEFINITIONS = (
					"DEBUG=1",
					"$(inherited)",
				);
				GCC_WARN_64_TO_32_BIT_CONVERSION = YES;
				GCC_WARN_ABOUT_RETURN_TYPE = YES_ERROR;
				GCC_WARN_UNDECLARED_SELECTOR = YES;
				GCC_WARN_UNINITIALIZED_AUTOS = YES_AGGRESSIVE;
				GCC_WARN_UNUSED_FUNCTION = YES;
				GCC_WARN_UNUSED_VARIABLE = YES;
				IPHONEOS_DEPLOYMENT_TARGET = 16.2;
				MTL_ENABLE_DEBUG_INFO = INCLUDE_SOURCE;
				MTL_FAST_MATH = YES;
				ONLY_ACTIVE_ARCH = YES;
				SDKROOT = iphoneos;
				SWIFT_ACTIVE_COMPILATION_CONDITIONS = DEBUG;
				SWIFT_OPTIMIZATION_LEVEL = "-Onone";
			};
			name = Debug;
		};
		8F9ECEA22A26394500EB0255 /* Release */ = {
			isa = XCBuildConfiguration;
			buildSettings = {
				ALWAYS_SEARCH_USER_PATHS = NO;
				CLANG_ANALYZER_NONNULL = YES;
				CLANG_ANALYZER_NUMBER_OBJECT_CONVERSION = YES_AGGRESSIVE;
				CLANG_CXX_LANGUAGE_STANDARD = "gnu++20";
				CLANG_ENABLE_MODULES = YES;
				CLANG_ENABLE_OBJC_ARC = YES;
				CLANG_ENABLE_OBJC_WEAK = YES;
				CLANG_WARN_BLOCK_CAPTURE_AUTORELEASING = YES;
				CLANG_WARN_BOOL_CONVERSION = YES;
				CLANG_WARN_COMMA = YES;
				CLANG_WARN_CONSTANT_CONVERSION = YES;
				CLANG_WARN_DEPRECATED_OBJC_IMPLEMENTATIONS = YES;
				CLANG_WARN_DIRECT_OBJC_ISA_USAGE = YES_ERROR;
				CLANG_WARN_DOCUMENTATION_COMMENTS = YES;
				CLANG_WARN_EMPTY_BODY = YES;
				CLANG_WARN_ENUM_CONVERSION = YES;
				CLANG_WARN_INFINITE_RECURSION = YES;
				CLANG_WARN_INT_CONVERSION = YES;
				CLANG_WARN_NON_LITERAL_NULL_CONVERSION = YES;
				CLANG_WARN_OBJC_IMPLICIT_RETAIN_SELF = YES;
				CLANG_WARN_OBJC_LITERAL_CONVERSION = YES;
				CLANG_WARN_OBJC_ROOT_CLASS = YES_ERROR;
				CLANG_WARN_QUOTED_INCLUDE_IN_FRAMEWORK_HEADER = YES;
				CLANG_WARN_RANGE_LOOP_ANALYSIS = YES;
				CLANG_WARN_STRICT_PROTOTYPES = YES;
				CLANG_WARN_SUSPICIOUS_MOVE = YES;
				CLANG_WARN_UNGUARDED_AVAILABILITY = YES_AGGRESSIVE;
				CLANG_WARN_UNREACHABLE_CODE = YES;
				CLANG_WARN__DUPLICATE_METHOD_MATCH = YES;
				COPY_PHASE_STRIP = NO;
				DEBUG_INFORMATION_FORMAT = "dwarf-with-dsym";
				ENABLE_NS_ASSERTIONS = NO;
				ENABLE_STRICT_OBJC_MSGSEND = YES;
				GCC_C_LANGUAGE_STANDARD = gnu11;
				GCC_NO_COMMON_BLOCKS = YES;
				GCC_WARN_64_TO_32_BIT_CONVERSION = YES;
				GCC_WARN_ABOUT_RETURN_TYPE = YES_ERROR;
				GCC_WARN_UNDECLARED_SELECTOR = YES;
				GCC_WARN_UNINITIALIZED_AUTOS = YES_AGGRESSIVE;
				GCC_WARN_UNUSED_FUNCTION = YES;
				GCC_WARN_UNUSED_VARIABLE = YES;
				IPHONEOS_DEPLOYMENT_TARGET = 16.2;
				MTL_ENABLE_DEBUG_INFO = NO;
				MTL_FAST_MATH = YES;
				SDKROOT = iphoneos;
				SWIFT_COMPILATION_MODE = wholemodule;
				SWIFT_OPTIMIZATION_LEVEL = "-O";
				VALIDATE_PRODUCT = YES;
			};
			name = Release;
		};
		8F9ECEA42A26394500EB0255 /* Debug */ = {
			isa = XCBuildConfiguration;
			buildSettings = {
				ASSETCATALOG_COMPILER_APPICON_NAME = AppIcon;
				ASSETCATALOG_COMPILER_GLOBAL_ACCENT_COLOR_NAME = AccentColor;
				CODE_SIGN_STYLE = Automatic;
				CURRENT_PROJECT_VERSION = 1;
				DEVELOPMENT_TEAM = CXP9DGGFXC;
				GENERATE_INFOPLIST_FILE = YES;
				INFOPLIST_FILE = MusicApp/Info.plist;
				INFOPLIST_KEY_UIApplicationSupportsIndirectInputEvents = YES;
				INFOPLIST_KEY_UILaunchStoryboardName = LaunchScreen;
				INFOPLIST_KEY_UISupportedInterfaceOrientations = UIInterfaceOrientationPortrait;
				LD_RUNPATH_SEARCH_PATHS = (
					"$(inherited)",
					"@executable_path/Frameworks",
				);
				MARKETING_VERSION = 1.0;
				PRODUCT_BUNDLE_IDENTIFIER = home.MusicTextApp;
				PRODUCT_NAME = "$(TARGET_NAME)";
				SWIFT_EMIT_LOC_STRINGS = YES;
				SWIFT_VERSION = 5.0;
				TARGETED_DEVICE_FAMILY = "1,2";
			};
			name = Debug;
		};
		8F9ECEA52A26394500EB0255 /* Release */ = {
			isa = XCBuildConfiguration;
			buildSettings = {
				ASSETCATALOG_COMPILER_APPICON_NAME = AppIcon;
				ASSETCATALOG_COMPILER_GLOBAL_ACCENT_COLOR_NAME = AccentColor;
				CODE_SIGN_STYLE = Automatic;
				CURRENT_PROJECT_VERSION = 1;
				DEVELOPMENT_TEAM = CXP9DGGFXC;
				GENERATE_INFOPLIST_FILE = YES;
				INFOPLIST_FILE = MusicApp/Info.plist;
				INFOPLIST_KEY_UIApplicationSupportsIndirectInputEvents = YES;
				INFOPLIST_KEY_UILaunchStoryboardName = LaunchScreen;
				INFOPLIST_KEY_UISupportedInterfaceOrientations = UIInterfaceOrientationPortrait;
				LD_RUNPATH_SEARCH_PATHS = (
					"$(inherited)",
					"@executable_path/Frameworks",
				);
				MARKETING_VERSION = 1.0;
				PRODUCT_BUNDLE_IDENTIFIER = home.MusicTextApp;
				PRODUCT_NAME = "$(TARGET_NAME)";
				SWIFT_EMIT_LOC_STRINGS = YES;
				SWIFT_VERSION = 5.0;
				TARGETED_DEVICE_FAMILY = "1,2";
			};
			name = Release;
		};
/* End XCBuildConfiguration section */

/* Begin XCConfigurationList section */
		8F9ECE8A2A26394300EB0255 /* Build configuration list for PBXProject "MusicApp" */ = {
			isa = XCConfigurationList;
			buildConfigurations = (
				8F9ECEA12A26394500EB0255 /* Debug */,
				8F9ECEA22A26394500EB0255 /* Release */,
			);
			defaultConfigurationIsVisible = 0;
			defaultConfigurationName = Release;
		};
		8F9ECEA32A26394500EB0255 /* Build configuration list for PBXNativeTarget "MusicApp" */ = {
			isa = XCConfigurationList;
			buildConfigurations = (
				8F9ECEA42A26394500EB0255 /* Debug */,
				8F9ECEA52A26394500EB0255 /* Release */,
			);
			defaultConfigurationIsVisible = 0;
			defaultConfigurationName = Release;
		};
/* End XCConfigurationList section */

/* Begin XCRemoteSwiftPackageReference section */
		8F78D2D22A31FBDD0059DD4E /* XCRemoteSwiftPackageReference "Kingfisher" */ = {
			isa = XCRemoteSwiftPackageReference;
			repositoryURL = "https://github.com/onevcat/Kingfisher.git";
			requirement = {
				kind = upToNextMajorVersion;
				minimumVersion = 7.0.0;
			};
		};
		8F9ECEB22A265EFD00EB0255 /* XCRemoteSwiftPackageReference "SnapKit" */ = {
			isa = XCRemoteSwiftPackageReference;
			repositoryURL = "https://github.com/SnapKit/SnapKit";
			requirement = {
				branch = develop;
				kind = branch;
			};
		};
/* End XCRemoteSwiftPackageReference section */

/* Begin XCSwiftPackageProductDependency section */
		8F78D2D32A31FBDD0059DD4E /* Kingfisher */ = {
			isa = XCSwiftPackageProductDependency;
			package = 8F78D2D22A31FBDD0059DD4E /* XCRemoteSwiftPackageReference "Kingfisher" */;
			productName = Kingfisher;
		};
		8F9ECEB32A265EFD00EB0255 /* SnapKit */ = {
			isa = XCSwiftPackageProductDependency;
			package = 8F9ECEB22A265EFD00EB0255 /* XCRemoteSwiftPackageReference "SnapKit" */;
			productName = SnapKit;
		};
/* End XCSwiftPackageProductDependency section */

/* Begin XCVersionGroup section */
		8F78D2DE2A33486C0059DD4E /* CoreData.xcdatamodeld */ = {
			isa = XCVersionGroup;
			children = (
				8F78D2DF2A33486C0059DD4E /* CoreData.xcdatamodel */,
			);
			currentVersion = 8F78D2DF2A33486C0059DD4E /* CoreData.xcdatamodel */;
			path = CoreData.xcdatamodeld;
			sourceTree = "<group>";
			versionGroupType = wrapper.xcdatamodel;
		};
/* End XCVersionGroup section */
	};
	rootObject = 8F9ECE872A26394300EB0255 /* Project object */;
}
